
Microsoft Visual Studio Solution File, Format Version 12.00
# Visual Studio Version 17
VisualStudioVersion = 17.14.36221.1 d17.14
MinimumVisualStudioVersion = 10.0.40219.1
Project("{2150E333-8FDC-42A3-9474-1A3956D46DE8}") = "src", "src", "{02EA681E-C7D8-13C7-8484-4AC65E1B71E8}"
EndProject
Project("{2150E333-8FDC-42A3-9474-1A3956D46DE8}") = "Api", "Api", "{040A4E48-E045-4593-BF45-52E1672BBACE}"
EndProject
Project("{2150E333-8FDC-42A3-9474-1A3956D46DE8}") = "Application", "Application", "{1E31C57E-9ECF-4D1F-8978-A4455C6B110B}"
EndProject
Project("{2150E333-8FDC-42A3-9474-1A3956D46DE8}") = "Domain", "Domain", "{CFA041AF-4233-426C-B384-84C207E02F87}"
EndProject
Project("{2150E333-8FDC-42A3-9474-1A3956D46DE8}") = "Infrastructure", "Infrastructure", "{8CBB34E8-A842-4107-8790-157D886E280D}"
EndProject
Project("{FAE04EC0-301F-11D3-BF4B-00C04F79EFBC}") = "SMFile.Domain", "src\Domain\SMFile.Domain\SMFile.Domain.csproj", "{97FF7B17-E12E-4CFC-A579-4DD9805B2984}"
EndProject
Project("{FAE04EC0-301F-11D3-BF4B-00C04F79EFBC}") = "SMFile.Application", "src\Application\SMFile.Application\SMFile.Application.csproj", "{2065BCA0-67B4-4038-9ED4-758AFF345F77}"
EndProject
Project("{FAE04EC0-301F-11D3-BF4B-00C04F79EFBC}") = "SMFile.Infrastructure", "src\Infrastructure\SMFile.Infrastructure\SMFile.Infrastructure.csproj", "{7C44BCC7-8EED-42EF-9CA9-CC15F94BD37E}"
EndProject
Project("{2150E333-8FDC-42A3-9474-1A3956D46DE8}") = "Console", "Console", "{E510545F-7337-4E38-A64B-1EACE1214D5F}"
EndProject
Project("{FAE04EC0-301F-11D3-BF4B-00C04F79EFBC}") = "SMFile.Console", "..\SMFile.Console\SMFile.Console.csproj", "{54120D5B-5DD1-4004-B9AB-14DC28574811}"
EndProject
Global
	GlobalSection(SolutionConfigurationPlatforms) = preSolution
		Debug|Any CPU = Debug|Any CPU
		Release|Any CPU = Release|Any CPU
	EndGlobalSection
	GlobalSection(ProjectConfigurationPlatforms) = postSolution
		{97FF7B17-E12E-4CFC-A579-4DD9805B2984}.Debug|Any CPU.ActiveCfg = Debug|Any CPU
		{97FF7B17-E12E-4CFC-A579-4DD9805B2984}.Debug|Any CPU.Build.0 = Debug|Any CPU
		{97FF7B17-E12E-4CFC-A579-4DD9805B2984}.Release|Any CPU.ActiveCfg = Release|Any CPU
		{97FF7B17-E12E-4CFC-A579-4DD9805B2984}.Release|Any CPU.Build.0 = Release|Any CPU
		{2065BCA0-67B4-4038-9ED4-758AFF345F77}.Debug|Any CPU.ActiveCfg = Debug|Any CPU
		{2065BCA0-67B4-4038-9ED4-758AFF345F77}.Debug|Any CPU.Build.0 = Debug|Any CPU
		{2065BCA0-67B4-4038-9ED4-758AFF345F77}.Release|Any CPU.ActiveCfg = Release|Any CPU
		{2065BCA0-67B4-4038-9ED4-758AFF345F77}.Release|Any CPU.Build.0 = Release|Any CPU
		{7C44BCC7-8EED-42EF-9CA9-CC15F94BD37E}.Debug|Any CPU.ActiveCfg = Debug|Any CPU
		{7C44BCC7-8EED-42EF-9CA9-CC15F94BD37E}.Debug|Any CPU.Build.0 = Debug|Any CPU
		{7C44BCC7-8EED-42EF-9CA9-CC15F94BD37E}.Release|Any CPU.ActiveCfg = Release|Any CPU
		{7C44BCC7-8EED-42EF-9CA9-CC15F94BD37E}.Release|Any CPU.Build.0 = Release|Any CPU
		{54120D5B-5DD1-4004-B9AB-14DC28574811}.Debug|Any CPU.ActiveCfg = Debug|Any CPU
		{54120D5B-5DD1-4004-B9AB-14DC28574811}.Debug|Any CPU.Build.0 = Debug|Any CPU
		{54120D5B-5DD1-4004-B9AB-14DC28574811}.Release|Any CPU.ActiveCfg = Release|Any CPU
		{54120D5B-5DD1-4004-B9AB-14DC28574811}.Release|Any CPU.Build.0 = Release|Any CPU
	EndGlobalSection
	GlobalSection(SolutionProperties) = preSolution
		HideSolutionNode = FALSE
	EndGlobalSection
	GlobalSection(NestedProjects) = preSolution
		{040A4E48-E045-4593-BF45-52E1672BBACE} = {02EA681E-C7D8-13C7-8484-4AC65E1B71E8}
		{1E31C57E-9ECF-4D1F-8978-A4455C6B110B} = {02EA681E-C7D8-13C7-8484-4AC65E1B71E8}
		{CFA041AF-4233-426C-B384-84C207E02F87} = {02EA681E-C7D8-13C7-8484-4AC65E1B71E8}
		{8CBB34E8-A842-4107-8790-157D886E280D} = {02EA681E-C7D8-13C7-8484-4AC65E1B71E8}
		{97FF7B17-E12E-4CFC-A579-4DD9805B2984} = {CFA041AF-4233-426C-B384-84C207E02F87}
		{2065BCA0-67B4-4038-9ED4-758AFF345F77} = {1E31C57E-9ECF-4D1F-8978-A4455C6B110B}
		{7C44BCC7-8EED-42EF-9CA9-CC15F94BD37E} = {8CBB34E8-A842-4107-8790-157D886E280D}
		{E510545F-7337-4E38-A64B-1EACE1214D5F} = {02EA681E-C7D8-13C7-8484-4AC65E1B71E8}
		{54120D5B-5DD1-4004-B9AB-14DC28574811} = {E510545F-7337-4E38-A64B-1EACE1214D5F}
	EndGlobalSection
	GlobalSection(ExtensibilityGlobals) = postSolution
		SolutionGuid = {4E376A3D-14D5-4F78-AC42-567C1A5EC51D}
	EndGlobalSection
EndGlobal
